
Microsoft Visual Studio Solution File, Format Version 12.00
# Visual Studio Version 17
VisualStudioVersion = 17.14.36408.4
MinimumVisualStudioVersion = 10.0.40219.1
Project("{FAE04EC0-301F-11D3-BF4B-00C04F79EFBC}") = "NotificationService", "Notification\NotificationService.csproj", "{B1259202-69CC-88FF-2F90-403FB1C5D6E4}"
EndProject
Project("{FAE04EC0-301F-11D3-BF4B-00C04F79EFBC}") = "NotificationService.AppHost", "Notification.AppHost\NotificationService.AppHost.csproj", "{CFF8961C-0054-4F50-A9EC-757D20D5B36A}"
EndProject
Project("{FAE04EC0-301F-11D3-BF4B-00C04F79EFBC}") = "NotificationService.ServiceDefaults", "Notification.ServiceDefaults\NotificationService.ServiceDefaults.csproj", "{F1298313-7D0B-36AB-026B-D0696511B565}"
EndProject
Project("{2150E333-8FDC-42A3-9474-1A3956D46DE8}") = "Solution Items", "Solution Items", "{02EA681E-C7D8-13C7-8484-4AC65E1B71E8}"
	ProjectSection(SolutionItems) = preProject
		.editorconfig = .editorconfig
		Directory.Packages.props = Directory.Packages.props
	EndProjectSection
EndProject
Project("{FAE04EC0-301F-11D3-BF4B-00C04F79EFBC}") = "NotificationService.Application", "Notification.Application\NotificationService.Application.csproj", "{2B90A721-6544-44D4-AB69-956568047C81}"
EndProject
Project("{FAE04EC0-301F-11D3-BF4B-00C04F79EFBC}") = "NotificationService.Tests", "Notification.Tests\NotificationService.Tests.csproj", "{B0A9F78D-90B5-E95D-A08E-FB44A9E09C2E}"
EndProject
Project("{FAE04EC0-301F-11D3-BF4B-00C04F79EFBC}") = "NotificationService.Domain", "Notification.Domain\NotificationService.Domain.csproj", "{C8A32A84-A5F3-4B92-A405-8901ED793BE6}"
EndProject
Project("{FAE04EC0-301F-11D3-BF4B-00C04F79EFBC}") = "NotificationService.Infrastructure", "Notification.Infrastructure\NotificationService.Infrastructure.csproj", "{8E254551-F0CE-4CB1-B12A-F727ED345F20}"
EndProject
Project("{2150E333-8FDC-42A3-9474-1A3956D46DE8}") = "Test", "Test", "{A594A8CD-2334-42EB-9839-968441629D2E}"
EndProject
Global
	GlobalSection(SolutionConfigurationPlatforms) = preSolution
		Debug|Any CPU = Debug|Any CPU
		Release|Any CPU = Release|Any CPU
	EndGlobalSection
	GlobalSection(ProjectConfigurationPlatforms) = postSolution
		{B1259202-69CC-88FF-2F90-403FB1C5D6E4}.Debug|Any CPU.ActiveCfg = Debug|Any CPU
		{B1259202-69CC-88FF-2F90-403FB1C5D6E4}.Debug|Any CPU.Build.0 = Debug|Any CPU
		{B1259202-69CC-88FF-2F90-403FB1C5D6E4}.Release|Any CPU.ActiveCfg = Release|Any CPU
		{B1259202-69CC-88FF-2F90-403FB1C5D6E4}.Release|Any CPU.Build.0 = Release|Any CPU
		{CFF8961C-0054-4F50-A9EC-757D20D5B36A}.Debug|Any CPU.ActiveCfg = Debug|Any CPU
		{CFF8961C-0054-4F50-A9EC-757D20D5B36A}.Debug|Any CPU.Build.0 = Debug|Any CPU
		{CFF8961C-0054-4F50-A9EC-757D20D5B36A}.Release|Any CPU.ActiveCfg = Release|Any CPU
		{CFF8961C-0054-4F50-A9EC-757D20D5B36A}.Release|Any CPU.Build.0 = Release|Any CPU
		{F1298313-7D0B-36AB-026B-D0696511B565}.Debug|Any CPU.ActiveCfg = Debug|Any CPU
		{F1298313-7D0B-36AB-026B-D0696511B565}.Debug|Any CPU.Build.0 = Debug|Any CPU
		{F1298313-7D0B-36AB-026B-D0696511B565}.Release|Any CPU.ActiveCfg = Release|Any CPU
		{F1298313-7D0B-36AB-026B-D0696511B565}.Release|Any CPU.Build.0 = Release|Any CPU
		{2B90A721-6544-44D4-AB69-956568047C81}.Debug|Any CPU.ActiveCfg = Debug|Any CPU
		{2B90A721-6544-44D4-AB69-956568047C81}.Debug|Any CPU.Build.0 = Debug|Any CPU
		{2B90A721-6544-44D4-AB69-956568047C81}.Release|Any CPU.ActiveCfg = Release|Any CPU
		{2B90A721-6544-44D4-AB69-956568047C81}.Release|Any CPU.Build.0 = Release|Any CPU
		{B0A9F78D-90B5-E95D-A08E-FB44A9E09C2E}.Debug|Any CPU.ActiveCfg = Debug|Any CPU
		{B0A9F78D-90B5-E95D-A08E-FB44A9E09C2E}.Debug|Any CPU.Build.0 = Debug|Any CPU
		{B0A9F78D-90B5-E95D-A08E-FB44A9E09C2E}.Release|Any CPU.ActiveCfg = Release|Any CPU
		{B0A9F78D-90B5-E95D-A08E-FB44A9E09C2E}.Release|Any CPU.Build.0 = Release|Any CPU
		{C8A32A84-A5F3-4B92-A405-8901ED793BE6}.Debug|Any CPU.ActiveCfg = Debug|Any CPU
		{C8A32A84-A5F3-4B92-A405-8901ED793BE6}.Debug|Any CPU.Build.0 = Debug|Any CPU
		{C8A32A84-A5F3-4B92-A405-8901ED793BE6}.Release|Any CPU.ActiveCfg = Release|Any CPU
		{C8A32A84-A5F3-4B92-A405-8901ED793BE6}.Release|Any CPU.Build.0 = Release|Any CPU
		{8E254551-F0CE-4CB1-B12A-F727ED345F20}.Debug|Any CPU.ActiveCfg = Debug|Any CPU
		{8E254551-F0CE-4CB1-B12A-F727ED345F20}.Debug|Any CPU.Build.0 = Debug|Any CPU
		{8E254551-F0CE-4CB1-B12A-F727ED345F20}.Release|Any CPU.ActiveCfg = Release|Any CPU
		{8E254551-F0CE-4CB1-B12A-F727ED345F20}.Release|Any CPU.Build.0 = Release|Any CPU
	EndGlobalSection
	GlobalSection(SolutionProperties) = preSolution
		HideSolutionNode = FALSE
	EndGlobalSection
	GlobalSection(NestedProjects) = preSolution
		{B0A9F78D-90B5-E95D-A08E-FB44A9E09C2E} = {A594A8CD-2334-42EB-9839-968441629D2E}
	EndGlobalSection
	GlobalSection(ExtensibilityGlobals) = postSolution
		SolutionGuid = {F26326BD-2D7B-4B34-AD94-6C7E65E6CA04}
	EndGlobalSection
EndGlobal
